
Microsoft Visual Studio Solution File, Format Version 12.00
# Visual Studio Version 16
VisualStudioVersion = 16.0.32126.315
MinimumVisualStudioVersion = 10.0.40219.1
Project("{FAE04EC0-301F-11D3-BF4B-00C04F79EFBC}") = "StockController", "StockController\StockController.csproj", "{7BE7C2D1-D646-4474-B439-4BE735084A9F}"
EndProject
Global
	GlobalSection(SolutionConfigurationPlatforms) = preSolution
		Debug|Any CPU = Debug|Any CPU
		Release|Any CPU = Release|Any CPU
	EndGlobalSection
	GlobalSection(ProjectConfigurationPlatforms) = postSolution
		{7BE7C2D1-D646-4474-B439-4BE735084A9F}.Debug|Any CPU.ActiveCfg = Debug|Any CPU
		{7BE7C2D1-D646-4474-B439-4BE735084A9F}.Debug|Any CPU.Build.0 = Debug|Any CPU
		{7BE7C2D1-D646-4474-B439-4BE735084A9F}.Release|Any CPU.ActiveCfg = Release|Any CPU
		{7BE7C2D1-D646-4474-B439-4BE735084A9F}.Release|Any CPU.Build.0 = Release|Any CPU
	EndGlobalSection
	GlobalSection(SolutionProperties) = preSolution
		HideSolutionNode = FALSE
	EndGlobalSection
	GlobalSection(ExtensibilityGlobals) = postSolution
		SolutionGuid = {E5F087AB-A156-4583-9DB4-6D09C72AAD11}
	EndGlobalSection
EndGlobal
